// !$*UTF8*$!
{
	archiveVersion = 1;
	classes = {
	};
	objectVersion = 77;
	objects = {

/* Begin PBXBuildFile section */
		00E334CE2DB918FB00ECD3EC /* RealityKitContent in Frameworks */ = {isa = PBXBuildFile; productRef = 00E334CD2DB918FB00ECD3EC /* RealityKitContent */; };
		0B6583B82DC7929B00223AA8 /* sample.pdf in Resources */ = {isa = PBXBuildFile; fileRef = 0B6583B72DC7929B00223AA8 /* sample.pdf */; };
		0B6583BA2DC793E300223AA8 /* sample.mp4 in Resources */ = {isa = PBXBuildFile; fileRef = 0B6583B92DC793E300223AA8 /* sample.mp4 */; };
/* End PBXBuildFile section */

/* Begin PBXContainerItemProxy section */
		00E334E42DB918FD00ECD3EC /* PBXContainerItemProxy */ = {
			isa = PBXContainerItemProxy;
			containerPortal = 00E334C02DB918FB00ECD3EC /* Project object */;
			proxyType = 1;
			remoteGlobalIDString = 00E334C72DB918FB00ECD3EC;
			remoteInfo = PosterAR;
		};
/* End PBXContainerItemProxy section */

/* Begin PBXFileReference section */
		00E334C82DB918FB00ECD3EC /* PosterAR.app */ = {isa = PBXFileReference; explicitFileType = wrapper.application; includeInIndex = 0; path = PosterAR.app; sourceTree = BUILT_PRODUCTS_DIR; };
		00E334CC2DB918FB00ECD3EC /* RealityKitContent */ = {isa = PBXFileReference; lastKnownFileType = wrapper; path = RealityKitContent; sourceTree = "<group>"; };
		00E334E32DB918FD00ECD3EC /* PosterARTests.xctest */ = {isa = PBXFileReference; explicitFileType = wrapper.cfbundle; includeInIndex = 0; path = PosterARTests.xctest; sourceTree = BUILT_PRODUCTS_DIR; };
		0B6583B72DC7929B00223AA8 /* sample.pdf */ = {isa = PBXFileReference; lastKnownFileType = image.pdf; path = sample.pdf; sourceTree = "<group>"; };
		0B6583B92DC793E300223AA8 /* sample.mp4 */ = {isa = PBXFileReference; lastKnownFileType = file; path = sample.mp4; sourceTree = "<group>"; };
/* End PBXFileReference section */

/* Begin PBXFileSystemSynchronizedRootGroup section */
		00E334CA2DB918FB00ECD3EC /* PosterAR */ = {
			isa = PBXFileSystemSynchronizedRootGroup;
			path = PosterAR;
			sourceTree = "<group>";
		};
		00E334E62DB918FD00ECD3EC /* PosterARTests */ = {
			isa = PBXFileSystemSynchronizedRootGroup;
			path = PosterARTests;
			sourceTree = "<group>";
		};
/* End PBXFileSystemSynchronizedRootGroup section */

/* Begin PBXFrameworksBuildPhase section */
		00E334C52DB918FB00ECD3EC /* Frameworks */ = {
			isa = PBXFrameworksBuildPhase;
			buildActionMask = 2147483647;
			files = (
				00E334CE2DB918FB00ECD3EC /* RealityKitContent in Frameworks */,
			);
			runOnlyForDeploymentPostprocessing = 0;
		};
		00E334E02DB918FD00ECD3EC /* Frameworks */ = {
			isa = PBXFrameworksBuildPhase;
			buildActionMask = 2147483647;
			files = (
			);
			runOnlyForDeploymentPostprocessing = 0;
		};
/* End PBXFrameworksBuildPhase section */

/* Begin PBXGroup section */
		00E334BF2DB918FB00ECD3EC = {
			isa = PBXGroup;
			children = (
				0B6583B92DC793E300223AA8 /* sample.mp4 */,
				0B6583B72DC7929B00223AA8 /* sample.pdf */,
				00E334CA2DB918FB00ECD3EC /* PosterAR */,
				00E334CB2DB918FB00ECD3EC /* Packages */,
				00E334E62DB918FD00ECD3EC /* PosterARTests */,
				00E334C92DB918FB00ECD3EC /* Products */,
			);
			sourceTree = "<group>";
		};
		00E334C92DB918FB00ECD3EC /* Products */ = {
			isa = PBXGroup;
			children = (
				00E334C82DB918FB00ECD3EC /* PosterAR.app */,
				00E334E32DB918FD00ECD3EC /* PosterARTests.xctest */,
			);
			name = Products;
			sourceTree = "<group>";
		};
		00E334CB2DB918FB00ECD3EC /* Packages */ = {
			isa = PBXGroup;
			children = (
				00E334CC2DB918FB00ECD3EC /* RealityKitContent */,
			);
			path = Packages;
			sourceTree = "<group>";
		};
/* End PBXGroup section */

/* Begin PBXNativeTarget section */
		00E334C72DB918FB00ECD3EC /* PosterAR */ = {
			isa = PBXNativeTarget;
			buildConfigurationList = 00E334EA2DB918FD00ECD3EC /* Build configuration list for PBXNativeTarget "PosterAR" */;
			buildPhases = (
				00E334C42DB918FB00ECD3EC /* Sources */,
				00E334C52DB918FB00ECD3EC /* Frameworks */,
				00E334C62DB918FB00ECD3EC /* Resources */,
			);
			buildRules = (
			);
			dependencies = (
			);
			fileSystemSynchronizedGroups = (
				00E334CA2DB918FB00ECD3EC /* PosterAR */,
			);
			name = PosterAR;
			packageProductDependencies = (
				00E334CD2DB918FB00ECD3EC /* RealityKitContent */,
			);
			productName = PosterAR;
			productReference = 00E334C82DB918FB00ECD3EC /* PosterAR.app */;
			productType = "com.apple.product-type.application";
		};
		00E334E22DB918FD00ECD3EC /* PosterARTests */ = {
			isa = PBXNativeTarget;
			buildConfigurationList = 00E334EF2DB918FD00ECD3EC /* Build configuration list for PBXNativeTarget "PosterARTests" */;
			buildPhases = (
				00E334DF2DB918FD00ECD3EC /* Sources */,
				00E334E02DB918FD00ECD3EC /* Frameworks */,
				00E334E12DB918FD00ECD3EC /* Resources */,
			);
			buildRules = (
			);
			dependencies = (
				00E334E52DB918FD00ECD3EC /* PBXTargetDependency */,
			);
			fileSystemSynchronizedGroups = (
				00E334E62DB918FD00ECD3EC /* PosterARTests */,
			);
			name = PosterARTests;
			packageProductDependencies = (
			);
			productName = PosterARTests;
			productReference = 00E334E32DB918FD00ECD3EC /* PosterARTests.xctest */;
			productType = "com.apple.product-type.bundle.unit-test";
		};
/* End PBXNativeTarget section */

/* Begin PBXProject section */
		00E334C02DB918FB00ECD3EC /* Project object */ = {
			isa = PBXProject;
			attributes = {
				BuildIndependentTargetsInParallel = 1;
				LastSwiftUpdateCheck = 1620;
				LastUpgradeCheck = 1620;
				TargetAttributes = {
					00E334C72DB918FB00ECD3EC = {
						CreatedOnToolsVersion = 16.2;
					};
					00E334E22DB918FD00ECD3EC = {
						CreatedOnToolsVersion = 16.2;
						TestTargetID = 00E334C72DB918FB00ECD3EC;
					};
				};
			};
			buildConfigurationList = 00E334C32DB918FB00ECD3EC /* Build configuration list for PBXProject "PosterAR" */;
			developmentRegion = en;
			hasScannedForEncodings = 0;
			knownRegions = (
				en,
				Base,
			);
			mainGroup = 00E334BF2DB918FB00ECD3EC;
			minimizedProjectReferenceProxies = 1;
			preferredProjectObjectVersion = 77;
			productRefGroup = 00E334C92DB918FB00ECD3EC /* Products */;
			projectDirPath = "";
			projectRoot = "";
			targets = (
				00E334C72DB918FB00ECD3EC /* PosterAR */,
				00E334E22DB918FD00ECD3EC /* PosterARTests */,
			);
		};
/* End PBXProject section */

/* Begin PBXResourcesBuildPhase section */
		00E334C62DB918FB00ECD3EC /* Resources */ = {
			isa = PBXResourcesBuildPhase;
			buildActionMask = 2147483647;
			files = (
				0B6583B82DC7929B00223AA8 /* sample.pdf in Resources */,
				0B6583BA2DC793E300223AA8 /* sample.mp4 in Resources */,
			);
			runOnlyForDeploymentPostprocessing = 0;
		};
		00E334E12DB918FD00ECD3EC /* Resources */ = {
			isa = PBXResourcesBuildPhase;
			buildActionMask = 2147483647;
			files = (
			);
			runOnlyForDeploymentPostprocessing = 0;
		};
/* End PBXResourcesBuildPhase section */

/* Begin PBXSourcesBuildPhase section */
		00E334C42DB918FB00ECD3EC /* Sources */ = {
			isa = PBXSourcesBuildPhase;
			buildActionMask = 2147483647;
			files = (
			);
			runOnlyForDeploymentPostprocessing = 0;
		};
		00E334DF2DB918FD00ECD3EC /* Sources */ = {
			isa = PBXSourcesBuildPhase;
			buildActionMask = 2147483647;
			files = (
			);
			runOnlyForDeploymentPostprocessing = 0;
		};
/* End PBXSourcesBuildPhase section */

/* Begin PBXTargetDependency section */
		00E334E52DB918FD00ECD3EC /* PBXTargetDependency */ = {
			isa = PBXTargetDependency;
			target = 00E334C72DB918FB00ECD3EC /* PosterAR */;
			targetProxy = 00E334E42DB918FD00ECD3EC /* PBXContainerItemProxy */;
		};
/* End PBXTargetDependency section */

/* Begin XCBuildConfiguration section */
		00E334EB2DB918FD00ECD3EC /* Debug */ = {
			isa = XCBuildConfiguration;
			buildSettings = {
				ASSETCATALOG_COMPILER_APPICON_NAME = AppIcon;
				ASSETCATALOG_COMPILER_GLOBAL_ACCENT_COLOR_NAME = AccentColor;
				CODE_SIGN_STYLE = Automatic;
				CURRENT_PROJECT_VERSION = 1;
				DEVELOPMENT_ASSET_PATHS = "\"PosterAR/Preview Content\"";
				DEVELOPMENT_TEAM = B59U7J2AQF;
				ENABLE_PREVIEWS = YES;
				GENERATE_INFOPLIST_FILE = YES;
				INFOPLIST_FILE = "$(TARGET_NAME)/Info.plist";
				LD_RUNPATH_SEARCH_PATHS = (
					"$(inherited)",
					"@executable_path/Frameworks",
				);
				MARKETING_VERSION = 1.0;
				PRODUCT_BUNDLE_IDENTIFIER = sq.PosterAR;
				PRODUCT_NAME = "$(TARGET_NAME)";
				SUPPORTED_PLATFORMS = "xros xrsimulator";
				SWIFT_EMIT_LOC_STRINGS = YES;
				SWIFT_VERSION = 5.0;
				TARGETED_DEVICE_FAMILY = 7;
			};
			name = Debug;
		};
		00E334EC2DB918FD00ECD3EC /* Release */ = {
			isa = XCBuildConfiguration;
			buildSettings = {
				ASSETCATALOG_COMPILER_APPICON_NAME = AppIcon;
				ASSETCATALOG_COMPILER_GLOBAL_ACCENT_COLOR_NAME = AccentColor;
				CODE_SIGN_STYLE = Automatic;
				CURRENT_PROJECT_VERSION = 1;
				DEVELOPMENT_ASSET_PATHS = "\"PosterAR/Preview Content\"";
				DEVELOPMENT_TEAM = B59U7J2AQF;
				ENABLE_PREVIEWS = YES;
				GENERATE_INFOPLIST_FILE = YES;
				INFOPLIST_FILE = "$(TARGET_NAME)/Info.plist";
				LD_RUNPATH_SEARCH_PATHS = (
					"$(inherited)",
					"@executable_path/Frameworks",
				);
				MARKETING_VERSION = 1.0;
				PRODUCT_BUNDLE_IDENTIFIER = sq.PosterAR;
				PRODUCT_NAME = "$(TARGET_NAME)";
				SUPPORTED_PLATFORMS = "xros xrsimulator";
				SWIFT_EMIT_LOC_STRINGS = YES;
				SWIFT_VERSION = 5.0;
				TARGETED_DEVICE_FAMILY = 7;
			};
			name = Release;
		};
		00E334ED2DB918FD00ECD3EC /* Debug */ = {
			isa = XCBuildConfiguration;
			buildSettings = {
				ALWAYS_SEARCH_USER_PATHS = NO;
				ASSETCATALOG_COMPILER_GENERATE_SWIFT_ASSET_SYMBOL_EXTENSIONS = YES;
				CLANG_ANALYZER_NONNULL = YES;
				CLANG_ANALYZER_NUMBER_OBJECT_CONVERSION = YES_AGGRESSIVE;
				CLANG_CXX_LANGUAGE_STANDARD = "gnu++20";
				CLANG_ENABLE_MODULES = YES;
				CLANG_ENABLE_OBJC_ARC = YES;
				CLANG_ENABLE_OBJC_WEAK = YES;
				CLANG_WARN_BLOCK_CAPTURE_AUTORELEASING = YES;
				CLANG_WARN_BOOL_CONVERSION = YES;
				CLANG_WARN_COMMA = YES;
				CLANG_WARN_CONSTANT_CONVERSION = YES;
				CLANG_WARN_DEPRECATED_OBJC_IMPLEMENTATIONS = YES;
				CLANG_WARN_DIRECT_OBJC_ISA_USAGE = YES_ERROR;
				CLANG_WARN_DOCUMENTATION_COMMENTS = YES;
				CLANG_WARN_EMPTY_BODY = YES;
				CLANG_WARN_ENUM_CONVERSION = YES;
				CLANG_WARN_INFINITE_RECURSION = YES;
				CLANG_WARN_INT_CONVERSION = YES;
				CLANG_WARN_NON_LITERAL_NULL_CONVERSION = YES;
				CLANG_WARN_OBJC_IMPLICIT_RETAIN_SELF = YES;
				CLANG_WARN_OBJC_LITERAL_CONVERSION = YES;
				CLANG_WARN_OBJC_ROOT_CLASS = YES_ERROR;
				CLANG_WARN_QUOTED_INCLUDE_IN_FRAMEWORK_HEADER = YES;
				CLANG_WARN_RANGE_LOOP_ANALYSIS = YES;
				CLANG_WARN_STRICT_PROTOTYPES = YES;
				CLANG_WARN_SUSPICIOUS_MOVE = YES;
				CLANG_WARN_UNGUARDED_AVAILABILITY = YES_AGGRESSIVE;
				CLANG_WARN_UNREACHABLE_CODE = YES;
				CLANG_WARN__DUPLICATE_METHOD_MATCH = YES;
				COPY_PHASE_STRIP = NO;
				DEBUG_INFORMATION_FORMAT = dwarf;
				ENABLE_STRICT_OBJC_MSGSEND = YES;
				ENABLE_TESTABILITY = YES;
				ENABLE_USER_SCRIPT_SANDBOXING = YES;
				GCC_C_LANGUAGE_STANDARD = gnu17;
				GCC_DYNAMIC_NO_PIC = NO;
				GCC_NO_COMMON_BLOCKS = YES;
				GCC_OPTIMIZATION_LEVEL = 0;
				GCC_PREPROCESSOR_DEFINITIONS = (
					"DEBUG=1",
					"$(inherited)",
				);
				GCC_WARN_64_TO_32_BIT_CONVERSION = YES;
				GCC_WARN_ABOUT_RETURN_TYPE = YES_ERROR;
				GCC_WARN_UNDECLARED_SELECTOR = YES;
				GCC_WARN_UNINITIALIZED_AUTOS = YES_AGGRESSIVE;
				GCC_WARN_UNUSED_FUNCTION = YES;
				GCC_WARN_UNUSED_VARIABLE = YES;
				LOCALIZATION_PREFERS_STRING_CATALOGS = YES;
				MTL_ENABLE_DEBUG_INFO = INCLUDE_SOURCE;
				MTL_FAST_MATH = YES;
				ONLY_ACTIVE_ARCH = YES;
				SDKROOT = xros;
				SWIFT_ACTIVE_COMPILATION_CONDITIONS = "DEBUG $(inherited)";
				SWIFT_OPTIMIZATION_LEVEL = "-Onone";
				XROS_DEPLOYMENT_TARGET = 2.2;
			};
			name = Debug;
		};
		00E334EE2DB918FD00ECD3EC /* Release */ = {
			isa = XCBuildConfiguration;
			buildSettings = {
				ALWAYS_SEARCH_USER_PATHS = NO;
				ASSETCATALOG_COMPILER_GENERATE_SWIFT_ASSET_SYMBOL_EXTENSIONS = YES;
				CLANG_ANALYZER_NONNULL = YES;
				CLANG_ANALYZER_NUMBER_OBJECT_CONVERSION = YES_AGGRESSIVE;
				CLANG_CXX_LANGUAGE_STANDARD = "gnu++20";
				CLANG_ENABLE_MODULES = YES;
				CLANG_ENABLE_OBJC_ARC = YES;
				CLANG_ENABLE_OBJC_WEAK = YES;
				CLANG_WARN_BLOCK_CAPTURE_AUTORELEASING = YES;
				CLANG_WARN_BOOL_CONVERSION = YES;
				CLANG_WARN_COMMA = YES;
				CLANG_WARN_CONSTANT_CONVERSION = YES;
				CLANG_WARN_DEPRECATED_OBJC_IMPLEMENTATIONS = YES;
				CLANG_WARN_DIRECT_OBJC_ISA_USAGE = YES_ERROR;
				CLANG_WARN_DOCUMENTATION_COMMENTS = YES;
				CLANG_WARN_EMPTY_BODY = YES;
				CLANG_WARN_ENUM_CONVERSION = YES;
				CLANG_WARN_INFINITE_RECURSION = YES;
				CLANG_WARN_INT_CONVERSION = YES;
				CLANG_WARN_NON_LITERAL_NULL_CONVERSION = YES;
				CLANG_WARN_OBJC_IMPLICIT_RETAIN_SELF = YES;
				CLANG_WARN_OBJC_LITERAL_CONVERSION = YES;
				CLANG_WARN_OBJC_ROOT_CLASS = YES_ERROR;
				CLANG_WARN_QUOTED_INCLUDE_IN_FRAMEWORK_HEADER = YES;
				CLANG_WARN_RANGE_LOOP_ANALYSIS = YES;
				CLANG_WARN_STRICT_PROTOTYPES = YES;
				CLANG_WARN_SUSPICIOUS_MOVE = YES;
				CLANG_WARN_UNGUARDED_AVAILABILITY = YES_AGGRESSIVE;
				CLANG_WARN_UNREACHABLE_CODE = YES;
				CLANG_WARN__DUPLICATE_METHOD_MATCH = YES;
				COPY_PHASE_STRIP = NO;
				DEBUG_INFORMATION_FORMAT = "dwarf-with-dsym";
				ENABLE_NS_ASSERTIONS = NO;
				ENABLE_STRICT_OBJC_MSGSEND = YES;
				ENABLE_USER_SCRIPT_SANDBOXING = YES;
				GCC_C_LANGUAGE_STANDARD = gnu17;
				GCC_NO_COMMON_BLOCKS = YES;
				GCC_WARN_64_TO_32_BIT_CONVERSION = YES;
				GCC_WARN_ABOUT_RETURN_TYPE = YES_ERROR;
				GCC_WARN_UNDECLARED_SELECTOR = YES;
				GCC_WARN_UNINITIALIZED_AUTOS = YES_AGGRESSIVE;
				GCC_WARN_UNUSED_FUNCTION = YES;
				GCC_WARN_UNUSED_VARIABLE = YES;
				LOCALIZATION_PREFERS_STRING_CATALOGS = YES;
				MTL_ENABLE_DEBUG_INFO = NO;
				MTL_FAST_MATH = YES;
				SDKROOT = xros;
				SWIFT_COMPILATION_MODE = wholemodule;
				VALIDATE_PRODUCT = YES;
				XROS_DEPLOYMENT_TARGET = 2.2;
			};
			name = Release;
		};
		00E334F02DB918FD00ECD3EC /* Debug */ = {
			isa = XCBuildConfiguration;
			buildSettings = {
				BUNDLE_LOADER = "$(TEST_HOST)";
				CODE_SIGN_STYLE = Automatic;
				CURRENT_PROJECT_VERSION = 1;
				GENERATE_INFOPLIST_FILE = YES;
				MARKETING_VERSION = 1.0;
				PRODUCT_BUNDLE_IDENTIFIER = sq.PosterARTests;
				PRODUCT_NAME = "$(TARGET_NAME)";
				SUPPORTED_PLATFORMS = "xros xrsimulator";
				SWIFT_EMIT_LOC_STRINGS = NO;
				SWIFT_VERSION = 5.0;
				TARGETED_DEVICE_FAMILY = 7;
				TEST_HOST = "$(BUILT_PRODUCTS_DIR)/PosterAR.app/$(BUNDLE_EXECUTABLE_FOLDER_PATH)/PosterAR";
				XROS_DEPLOYMENT_TARGET = 2.2;
			};
			name = Debug;
		};
		00E334F12DB918FD00ECD3EC /* Release */ = {
			isa = XCBuildConfiguration;
			buildSettings = {
				BUNDLE_LOADER = "$(TEST_HOST)";
				CODE_SIGN_STYLE = Automatic;
				CURRENT_PROJECT_VERSION = 1;
				GENERATE_INFOPLIST_FILE = YES;
				MARKETING_VERSION = 1.0;
				PRODUCT_BUNDLE_IDENTIFIER = sq.PosterARTests;
				PRODUCT_NAME = "$(TARGET_NAME)";
				SUPPORTED_PLATFORMS = "xros xrsimulator";
				SWIFT_EMIT_LOC_STRINGS = NO;
				SWIFT_VERSION = 5.0;
				TARGETED_DEVICE_FAMILY = 7;
				TEST_HOST = "$(BUILT_PRODUCTS_DIR)/PosterAR.app/$(BUNDLE_EXECUTABLE_FOLDER_PATH)/PosterAR";
				XROS_DEPLOYMENT_TARGET = 2.2;
			};
			name = Release;
		};
/* End XCBuildConfiguration section */

/* Begin XCConfigurationList section */
		00E334C32DB918FB00ECD3EC /* Build configuration list for PBXProject "PosterAR" */ = {
			isa = XCConfigurationList;
			buildConfigurations = (
				00E334ED2DB918FD00ECD3EC /* Debug */,
				00E334EE2DB918FD00ECD3EC /* Release */,
			);
			defaultConfigurationIsVisible = 0;
			defaultConfigurationName = Release;
		};
		00E334EA2DB918FD00ECD3EC /* Build configuration list for PBXNativeTarget "PosterAR" */ = {
			isa = XCConfigurationList;
			buildConfigurations = (
				00E334EB2DB918FD00ECD3EC /* Debug */,
				00E334EC2DB918FD00ECD3EC /* Release */,
			);
			defaultConfigurationIsVisible = 0;
			defaultConfigurationName = Release;
		};
		00E334EF2DB918FD00ECD3EC /* Build configuration list for PBXNativeTarget "PosterARTests" */ = {
			isa = XCConfigurationList;
			buildConfigurations = (
				00E334F02DB918FD00ECD3EC /* Debug */,
				00E334F12DB918FD00ECD3EC /* Release */,
			);
			defaultConfigurationIsVisible = 0;
			defaultConfigurationName = Release;
		};
/* End XCConfigurationList section */

/* Begin XCSwiftPackageProductDependency section */
		00E334CD2DB918FB00ECD3EC /* RealityKitContent */ = {
			isa = XCSwiftPackageProductDependency;
			productName = RealityKitContent;
		};
/* End XCSwiftPackageProductDependency section */
	};
	rootObject = 00E334C02DB918FB00ECD3EC /* Project object */;
}
